
Microsoft Visual Studio Solution File, Format Version 12.00
# Visual Studio 14
VisualStudioVersion = 14.0.25420.1
MinimumVisualStudioVersion = 10.0.40219.1
Project("{2150E333-8FDC-42A3-9474-1A3956D46DE8}") = "src", "src", "{EB4008CC-290F-45E1-8280-FF8033F343E9}"
EndProject
Project("{2150E333-8FDC-42A3-9474-1A3956D46DE8}") = "Solution Items", "Solution Items", "{95D17923-EB01-406E-912A-6014B928B591}"
	ProjectSection(SolutionItems) = preProject
		global.json = global.json
	EndProjectSection
EndProject
Project("{8BB2217D-0F2D-49D1-97BC-3654ED321F3B}") = "Musical.Broccoli.API", "src\Musical.Broccoli.API\Musical.Broccoli.API.xproj", "{64EC580C-9297-4BA3-8FAD-D5A57C28583B}"
EndProject
Project("{8BB2217D-0F2D-49D1-97BC-3654ED321F3B}") = "Infrastructure", "src\Infrastructure\Infrastructure.xproj", "{4637190E-497A-40D5-8008-8001104760F5}"
EndProject
Project("{8BB2217D-0F2D-49D1-97BC-3654ED321F3B}") = "Business", "src\Business\Business.xproj", "{39A0A9B6-4532-4CFC-9A67-2E39B5DF4C93}"
EndProject
Project("{8BB2217D-0F2D-49D1-97BC-3654ED321F3B}") = "DataAccessLayer", "src\DataAccessLayer\DataAccessLayer.xproj", "{9D2FC525-0762-4915-828C-2354130C3E0E}"
EndProject
Project("{8BB2217D-0F2D-49D1-97BC-3654ED321F3B}") = "Common", "src\Common\Common.xproj", "{EAB463D5-8881-4073-8472-922645418822}"
EndProject
Global
	GlobalSection(SolutionConfigurationPlatforms) = preSolution
		Debug|Any CPU = Debug|Any CPU
		Release|Any CPU = Release|Any CPU
	EndGlobalSection
	GlobalSection(ProjectConfigurationPlatforms) = postSolution
		{64EC580C-9297-4BA3-8FAD-D5A57C28583B}.Debug|Any CPU.ActiveCfg = Debug|Any CPU
		{64EC580C-9297-4BA3-8FAD-D5A57C28583B}.Debug|Any CPU.Build.0 = Debug|Any CPU
		{64EC580C-9297-4BA3-8FAD-D5A57C28583B}.Release|Any CPU.ActiveCfg = Release|Any CPU
		{64EC580C-9297-4BA3-8FAD-D5A57C28583B}.Release|Any CPU.Build.0 = Release|Any CPU
		{4637190E-497A-40D5-8008-8001104760F5}.Debug|Any CPU.ActiveCfg = Debug|Any CPU
		{4637190E-497A-40D5-8008-8001104760F5}.Debug|Any CPU.Build.0 = Debug|Any CPU
		{4637190E-497A-40D5-8008-8001104760F5}.Release|Any CPU.ActiveCfg = Release|Any CPU
		{4637190E-497A-40D5-8008-8001104760F5}.Release|Any CPU.Build.0 = Release|Any CPU
		{39A0A9B6-4532-4CFC-9A67-2E39B5DF4C93}.Debug|Any CPU.ActiveCfg = Debug|Any CPU
		{39A0A9B6-4532-4CFC-9A67-2E39B5DF4C93}.Debug|Any CPU.Build.0 = Debug|Any CPU
		{39A0A9B6-4532-4CFC-9A67-2E39B5DF4C93}.Release|Any CPU.ActiveCfg = Release|Any CPU
		{39A0A9B6-4532-4CFC-9A67-2E39B5DF4C93}.Release|Any CPU.Build.0 = Release|Any CPU
		{9D2FC525-0762-4915-828C-2354130C3E0E}.Debug|Any CPU.ActiveCfg = Debug|Any CPU
		{9D2FC525-0762-4915-828C-2354130C3E0E}.Debug|Any CPU.Build.0 = Debug|Any CPU
		{9D2FC525-0762-4915-828C-2354130C3E0E}.Release|Any CPU.ActiveCfg = Release|Any CPU
		{9D2FC525-0762-4915-828C-2354130C3E0E}.Release|Any CPU.Build.0 = Release|Any CPU
		{EAB463D5-8881-4073-8472-922645418822}.Debug|Any CPU.ActiveCfg = Debug|Any CPU
		{EAB463D5-8881-4073-8472-922645418822}.Debug|Any CPU.Build.0 = Debug|Any CPU
		{EAB463D5-8881-4073-8472-922645418822}.Release|Any CPU.ActiveCfg = Release|Any CPU
		{EAB463D5-8881-4073-8472-922645418822}.Release|Any CPU.Build.0 = Release|Any CPU
	EndGlobalSection
	GlobalSection(SolutionProperties) = preSolution
		HideSolutionNode = FALSE
	EndGlobalSection
	GlobalSection(NestedProjects) = preSolution
		{64EC580C-9297-4BA3-8FAD-D5A57C28583B} = {EB4008CC-290F-45E1-8280-FF8033F343E9}
		{4637190E-497A-40D5-8008-8001104760F5} = {EB4008CC-290F-45E1-8280-FF8033F343E9}
		{39A0A9B6-4532-4CFC-9A67-2E39B5DF4C93} = {EB4008CC-290F-45E1-8280-FF8033F343E9}
		{9D2FC525-0762-4915-828C-2354130C3E0E} = {EB4008CC-290F-45E1-8280-FF8033F343E9}
		{EAB463D5-8881-4073-8472-922645418822} = {EB4008CC-290F-45E1-8280-FF8033F343E9}
	EndGlobalSection
EndGlobal
