
Microsoft Visual Studio Solution File, Format Version 12.00
# Visual Studio 14
VisualStudioVersion = 14.0.25420.1
MinimumVisualStudioVersion = 10.0.40219.1
Project("{2150E333-8FDC-42A3-9474-1A3956D46DE8}") = "src", "src", "{EB4008CC-290F-45E1-8280-FF8033F343E9}"
EndProject
Project("{2150E333-8FDC-42A3-9474-1A3956D46DE8}") = "Solution Items", "Solution Items", "{95D17923-EB01-406E-912A-6014B928B591}"
	ProjectSection(SolutionItems) = preProject
		global.json = global.json
	EndProjectSection
EndProject
Project("{8BB2217D-0F2D-49D1-97BC-3654ED321F3B}") = "Musical.Broccoli.API", "src\Musical.Broccoli.API\Musical.Broccoli.API.xproj", "{64EC580C-9297-4BA3-8FAD-D5A57C28583B}"
EndProject
Project("{8BB2217D-0F2D-49D1-97BC-3654ED321F3B}") = "DataAccessLayer", "src\DataAccessLayer\DataAccessLayer.xproj", "{9D2FC525-0762-4915-828C-2354130C3E0E}"
EndProject
Project("{8BB2217D-0F2D-49D1-97BC-3654ED321F3B}") = "Common", "src\Common\Common.xproj", "{EAB463D5-8881-4073-8472-922645418822}"
EndProject
Project("{2150E333-8FDC-42A3-9474-1A3956D46DE8}") = "test", "test", "{70B2FE8E-54AD-4125-996D-5543565C413C}"
EndProject
Project("{8BB2217D-0F2D-49D1-97BC-3654ED321F3B}") = "Business.Handlers", "src\Business.Handlers\Business.Handlers.xproj", "{92754E5A-85F8-44E5-97EA-5EBEACC012F1}"
EndProject
Project("{8BB2217D-0F2D-49D1-97BC-3654ED321F3B}") = "Business.Connectors", "src\Business.Connectors\Business.Connectors.xproj", "{39A0A9B6-4532-4CFC-9A67-2E39B5DF4C93}"
EndProject
Project("{8BB2217D-0F2D-49D1-97BC-3654ED321F3B}") = "Business.Connectors.Tests", "test\Business.Connectors.Tests\Business.Connectors.Tests.xproj", "{7565982E-D9DA-41FE-92A1-D5EA3873DFB2}"
EndProject
Project("{8BB2217D-0F2D-49D1-97BC-3654ED321F3B}") = "Business.Handlers.Tests", "test\Business.Handlers.Tests\Business.Handlers.Tests.xproj", "{598F6EE3-8704-4226-9090-F765EF378ACF}"
EndProject
Project("{8BB2217D-0F2D-49D1-97BC-3654ED321F3B}") = "TourStop.API.Tests", "test\TourStop.API.Tests\TourStop.API.Tests.xproj", "{96FC9433-4449-42F2-A65D-1C2B3FDB5A31}"
EndProject
Project("{8BB2217D-0F2D-49D1-97BC-3654ED321F3B}") = "DataAccess.Tests", "test\DataAccess.Tests\DataAccess.Tests.xproj", "{DD683C3C-DE0A-4EDC-B064-F0AEE9170CD7}"
EndProject
Global
	GlobalSection(SolutionConfigurationPlatforms) = preSolution
		Debug|Any CPU = Debug|Any CPU
		Release|Any CPU = Release|Any CPU
	EndGlobalSection
	GlobalSection(ProjectConfigurationPlatforms) = postSolution
		{64EC580C-9297-4BA3-8FAD-D5A57C28583B}.Debug|Any CPU.ActiveCfg = Debug|Any CPU
		{64EC580C-9297-4BA3-8FAD-D5A57C28583B}.Debug|Any CPU.Build.0 = Debug|Any CPU
		{64EC580C-9297-4BA3-8FAD-D5A57C28583B}.Release|Any CPU.ActiveCfg = Release|Any CPU
		{64EC580C-9297-4BA3-8FAD-D5A57C28583B}.Release|Any CPU.Build.0 = Release|Any CPU
		{9D2FC525-0762-4915-828C-2354130C3E0E}.Debug|Any CPU.ActiveCfg = Debug|Any CPU
		{9D2FC525-0762-4915-828C-2354130C3E0E}.Debug|Any CPU.Build.0 = Debug|Any CPU
		{9D2FC525-0762-4915-828C-2354130C3E0E}.Release|Any CPU.ActiveCfg = Release|Any CPU
		{9D2FC525-0762-4915-828C-2354130C3E0E}.Release|Any CPU.Build.0 = Release|Any CPU
		{EAB463D5-8881-4073-8472-922645418822}.Debug|Any CPU.ActiveCfg = Debug|Any CPU
		{EAB463D5-8881-4073-8472-922645418822}.Debug|Any CPU.Build.0 = Debug|Any CPU
		{EAB463D5-8881-4073-8472-922645418822}.Release|Any CPU.ActiveCfg = Release|Any CPU
		{EAB463D5-8881-4073-8472-922645418822}.Release|Any CPU.Build.0 = Release|Any CPU
		{92754E5A-85F8-44E5-97EA-5EBEACC012F1}.Debug|Any CPU.ActiveCfg = Debug|Any CPU
		{92754E5A-85F8-44E5-97EA-5EBEACC012F1}.Debug|Any CPU.Build.0 = Debug|Any CPU
		{92754E5A-85F8-44E5-97EA-5EBEACC012F1}.Release|Any CPU.ActiveCfg = Release|Any CPU
		{92754E5A-85F8-44E5-97EA-5EBEACC012F1}.Release|Any CPU.Build.0 = Release|Any CPU
		{39A0A9B6-4532-4CFC-9A67-2E39B5DF4C93}.Debug|Any CPU.ActiveCfg = Debug|Any CPU
		{39A0A9B6-4532-4CFC-9A67-2E39B5DF4C93}.Debug|Any CPU.Build.0 = Debug|Any CPU
		{39A0A9B6-4532-4CFC-9A67-2E39B5DF4C93}.Release|Any CPU.ActiveCfg = Release|Any CPU
		{39A0A9B6-4532-4CFC-9A67-2E39B5DF4C93}.Release|Any CPU.Build.0 = Release|Any CPU
		{7565982E-D9DA-41FE-92A1-D5EA3873DFB2}.Debug|Any CPU.ActiveCfg = Debug|Any CPU
		{7565982E-D9DA-41FE-92A1-D5EA3873DFB2}.Debug|Any CPU.Build.0 = Debug|Any CPU
		{7565982E-D9DA-41FE-92A1-D5EA3873DFB2}.Release|Any CPU.ActiveCfg = Release|Any CPU
		{7565982E-D9DA-41FE-92A1-D5EA3873DFB2}.Release|Any CPU.Build.0 = Release|Any CPU
		{598F6EE3-8704-4226-9090-F765EF378ACF}.Debug|Any CPU.ActiveCfg = Debug|Any CPU
		{598F6EE3-8704-4226-9090-F765EF378ACF}.Debug|Any CPU.Build.0 = Debug|Any CPU
		{598F6EE3-8704-4226-9090-F765EF378ACF}.Release|Any CPU.ActiveCfg = Release|Any CPU
		{598F6EE3-8704-4226-9090-F765EF378ACF}.Release|Any CPU.Build.0 = Release|Any CPU
		{96FC9433-4449-42F2-A65D-1C2B3FDB5A31}.Debug|Any CPU.ActiveCfg = Debug|Any CPU
		{96FC9433-4449-42F2-A65D-1C2B3FDB5A31}.Debug|Any CPU.Build.0 = Debug|Any CPU
		{96FC9433-4449-42F2-A65D-1C2B3FDB5A31}.Release|Any CPU.ActiveCfg = Release|Any CPU
		{96FC9433-4449-42F2-A65D-1C2B3FDB5A31}.Release|Any CPU.Build.0 = Release|Any CPU
		{DD683C3C-DE0A-4EDC-B064-F0AEE9170CD7}.Debug|Any CPU.ActiveCfg = Debug|Any CPU
		{DD683C3C-DE0A-4EDC-B064-F0AEE9170CD7}.Debug|Any CPU.Build.0 = Debug|Any CPU
		{DD683C3C-DE0A-4EDC-B064-F0AEE9170CD7}.Release|Any CPU.ActiveCfg = Release|Any CPU
		{DD683C3C-DE0A-4EDC-B064-F0AEE9170CD7}.Release|Any CPU.Build.0 = Release|Any CPU
	EndGlobalSection
	GlobalSection(SolutionProperties) = preSolution
		HideSolutionNode = FALSE
	EndGlobalSection
	GlobalSection(NestedProjects) = preSolution
		{64EC580C-9297-4BA3-8FAD-D5A57C28583B} = {EB4008CC-290F-45E1-8280-FF8033F343E9}
		{9D2FC525-0762-4915-828C-2354130C3E0E} = {EB4008CC-290F-45E1-8280-FF8033F343E9}
		{EAB463D5-8881-4073-8472-922645418822} = {EB4008CC-290F-45E1-8280-FF8033F343E9}
		{92754E5A-85F8-44E5-97EA-5EBEACC012F1} = {EB4008CC-290F-45E1-8280-FF8033F343E9}
		{39A0A9B6-4532-4CFC-9A67-2E39B5DF4C93} = {EB4008CC-290F-45E1-8280-FF8033F343E9}
		{7565982E-D9DA-41FE-92A1-D5EA3873DFB2} = {70B2FE8E-54AD-4125-996D-5543565C413C}
		{598F6EE3-8704-4226-9090-F765EF378ACF} = {70B2FE8E-54AD-4125-996D-5543565C413C}
		{96FC9433-4449-42F2-A65D-1C2B3FDB5A31} = {70B2FE8E-54AD-4125-996D-5543565C413C}
		{DD683C3C-DE0A-4EDC-B064-F0AEE9170CD7} = {70B2FE8E-54AD-4125-996D-5543565C413C}
	EndGlobalSection
EndGlobal
